
Microsoft Visual Studio Solution File, Format Version 12.00
# Visual Studio Version 16
VisualStudioVersion = 16.0.29519.181
MinimumVisualStudioVersion = 10.0.40219.1
Project("{FAE04EC0-301F-11D3-BF4B-00C04F79EFBC}") = "ConsoleAppRoslynStringToExpression", "ConsoleAppRoslynStringToExpression\ConsoleAppRoslynStringToExpression.csproj", "{964A9D66-EC7A-4A3A-8B40-4392EB8EC6EC}"
EndProject
Project("{FAE04EC0-301F-11D3-BF4B-00C04F79EFBC}") = "ConsoleAppGenericExpressionOldSchool", "ConsoleAppGenericExpressionOldSchool\ConsoleAppGenericExpressionOldSchool.csproj", "{465E4760-5D21-4C0F-B4CE-28F97FEC6368}"
EndProject
Global
	GlobalSection(SolutionConfigurationPlatforms) = preSolution
		Debug|Any CPU = Debug|Any CPU
		Release|Any CPU = Release|Any CPU
	EndGlobalSection
	GlobalSection(ProjectConfigurationPlatforms) = postSolution
		{964A9D66-EC7A-4A3A-8B40-4392EB8EC6EC}.Debug|Any CPU.ActiveCfg = Debug|Any CPU
		{964A9D66-EC7A-4A3A-8B40-4392EB8EC6EC}.Debug|Any CPU.Build.0 = Debug|Any CPU
		{964A9D66-EC7A-4A3A-8B40-4392EB8EC6EC}.Release|Any CPU.ActiveCfg = Release|Any CPU
		{964A9D66-EC7A-4A3A-8B40-4392EB8EC6EC}.Release|Any CPU.Build.0 = Release|Any CPU
		{465E4760-5D21-4C0F-B4CE-28F97FEC6368}.Debug|Any CPU.ActiveCfg = Debug|Any CPU
		{465E4760-5D21-4C0F-B4CE-28F97FEC6368}.Debug|Any CPU.Build.0 = Debug|Any CPU
		{465E4760-5D21-4C0F-B4CE-28F97FEC6368}.Release|Any CPU.ActiveCfg = Release|Any CPU
		{465E4760-5D21-4C0F-B4CE-28F97FEC6368}.Release|Any CPU.Build.0 = Release|Any CPU
	EndGlobalSection
	GlobalSection(SolutionProperties) = preSolution
		HideSolutionNode = FALSE
	EndGlobalSection
	GlobalSection(ExtensibilityGlobals) = postSolution
		SolutionGuid = {040A149C-21A8-44A7-9666-B3C4B415DDD7}
	EndGlobalSection
EndGlobal
